{
  "object": {
    "pins": [
      {
        "package": "Swifter",
        "repositoryURL": "https://github.com/tomieq/swifter.git",
        "state": {
          "branch": null,
          "revision": "7903594a5b45dc3d145b285c6dae8e1b5bf7be1d",
          "version": "2.0.1"
        }
      }
    ]
  },
  "version": 1
}
